
Microsoft Visual Studio Solution File, Format Version 12.00
# Visual Studio Version 17
VisualStudioVersion = 17.1.32407.343
MinimumVisualStudioVersion = 10.0.40219.1
Project("{8BC9CEB8-8B4A-11D0-8D11-00A0C91BC942}") = "CudaRenderer", "CudaRuntime1\CudaRuntime1.vcxproj", "{6DF4CA50-584F-4470-ACE7-A84F5C6C4F64}"
EndProject
Project("{8BC9CEB8-8B4A-11D0-8D11-00A0C91BC942}") = "RaytraceViewer", "CudaRenderer\CudaRenderer.vcxproj", "{A6FC4EDA-ACE1-4CA5-B9A4-6E7CECA1F837}"
	ProjectSection(ProjectDependencies) = postProject
		{6DF4CA50-584F-4470-ACE7-A84F5C6C4F64} = {6DF4CA50-584F-4470-ACE7-A84F5C6C4F64}
	EndProjectSection
EndProject
Global
	GlobalSection(SolutionConfigurationPlatforms) = preSolution
		Debug|x64 = Debug|x64
		Debug|x86 = Debug|x86
		Release|x64 = Release|x64
		Release|x86 = Release|x86
	EndGlobalSection
	GlobalSection(ProjectConfigurationPlatforms) = postSolution
		{6DF4CA50-584F-4470-ACE7-A84F5C6C4F64}.Debug|x64.ActiveCfg = Debug|x64
		{6DF4CA50-584F-4470-ACE7-A84F5C6C4F64}.Debug|x64.Build.0 = Debug|x64
		{6DF4CA50-584F-4470-ACE7-A84F5C6C4F64}.Debug|x86.ActiveCfg = Debug|x64
		{6DF4CA50-584F-4470-ACE7-A84F5C6C4F64}.Release|x64.ActiveCfg = Release|x64
		{6DF4CA50-584F-4470-ACE7-A84F5C6C4F64}.Release|x64.Build.0 = Release|x64
		{6DF4CA50-584F-4470-ACE7-A84F5C6C4F64}.Release|x86.ActiveCfg = Release|x64
		{A6FC4EDA-ACE1-4CA5-B9A4-6E7CECA1F837}.Debug|x64.ActiveCfg = Debug|x64
		{A6FC4EDA-ACE1-4CA5-B9A4-6E7CECA1F837}.Debug|x64.Build.0 = Debug|x64
		{A6FC4EDA-ACE1-4CA5-B9A4-6E7CECA1F837}.Debug|x86.ActiveCfg = Debug|Win32
		{A6FC4EDA-ACE1-4CA5-B9A4-6E7CECA1F837}.Debug|x86.Build.0 = Debug|Win32
		{A6FC4EDA-ACE1-4CA5-B9A4-6E7CECA1F837}.Release|x64.ActiveCfg = Release|x64
		{A6FC4EDA-ACE1-4CA5-B9A4-6E7CECA1F837}.Release|x64.Build.0 = Release|x64
		{A6FC4EDA-ACE1-4CA5-B9A4-6E7CECA1F837}.Release|x86.ActiveCfg = Release|Win32
		{A6FC4EDA-ACE1-4CA5-B9A4-6E7CECA1F837}.Release|x86.Build.0 = Release|Win32
	EndGlobalSection
	GlobalSection(SolutionProperties) = preSolution
		HideSolutionNode = FALSE
	EndGlobalSection
	GlobalSection(ExtensibilityGlobals) = postSolution
		SolutionGuid = {79B7A4A3-6BB9-4539-AAA9-8E492E064E8A}
	EndGlobalSection
EndGlobal
